lockfileVersion: '9.0'

settings:
  autoInstallPeers: true
  excludeLinksFromLockfile: false

importers:

  .:
    dependencies:
      '@arborium/arborium':
        specifier: ^2.16.0
        version: 2.16.0
      unplugin:
        specifier: ^2.3.0
        version: 2.3.11
    devDependencies:
      '@rslib/core':
        specifier: ^0.10.0
        version: 0.10.6(typescript@5.9.3)
      '@types/node':
        specifier: ^25.5.0
        version: 25.5.0
      prettier:
        specifier: ^3.8.1
        version: 3.8.1
      typescript:
        specifier: ^5.7.0
        version: 5.9.3

  demo:
    dependencies:
      '@arborium/json':
        specifier: ^2.16.0
        version: 2.16.0
    devDependencies:
      '@rsbuild/core':
        specifier: ^1.3.0
        version: 1.7.3
      unplugin-arborium:
        specifier: workspace:*
        version: link:..

packages:

  '@arborium/arborium@2.16.0':
    resolution: {integrity: sha512-9rz2J9Hx+nMq1qon65SbmE+XZvwr/oDqYPinj+BnYOzef7lGwzn1GtYhuB1Cz8jTZ84wIaBt+B8nTQEGYniqNg==}

  '@arborium/json@2.16.0':
    resolution: {integrity: sha512-eL+/cTpzWiLAynuXoyWem+5VGAFeLVhvmIV1KS9J2XYtaueWUSFvZYmvTq6FI+nfKdQLjshFgFUx1XJr3QQw2Q==}
    engines: {node: '>=18'}

  '@ast-grep/napi-darwin-arm64@0.37.0':
    resolution: {integrity: sha512-QAiIiaAbLvMEg/yBbyKn+p1gX2/FuaC0SMf7D7capm/oG4xGMzdeaQIcSosF4TCxxV+hIH4Bz9e4/u7w6Bnk3Q==}
    engines: {node: '>= 10'}
    cpu: [arm64]
    os: [darwin]

  '@ast-grep/napi-darwin-x64@0.37.0':
    resolution: {integrity: sha512-zvcvdgekd4ySV3zUbUp8HF5nk5zqwiMXTuVzTUdl/w08O7JjM6XPOIVT+d2o/MqwM9rsXdzdergY5oY2RdhSPA==}
    engines: {node: '>= 10'}
    cpu: [x64]
    os: [darwin]

  '@ast-grep/napi-linux-arm64-gnu@0.37.0':
    resolution: {integrity: sha512-L7Sj0lXy8X+BqSMgr1LB8cCoWk0rericdeu+dC8/c8zpsav5Oo2IQKY1PmiZ7H8IHoFBbURLf8iklY9wsD+cyA==}
    engines: {node: '>= 10'}
    cpu: [arm64]
    os: [linux]

  '@ast-grep/napi-linux-arm64-musl@0.37.0':
    resolution: {integrity: sha512-LF9sAvYy6es/OdyJDO3RwkX3I82Vkfsng1sqUBcoWC1jVb1wX5YVzHtpQox9JrEhGl+bNp7FYxB4Qba9OdA5GA==}
    engines: {node: '>= 10'}
    cpu: [arm64]
    os: [linux]

  '@ast-grep/napi-linux-x64-gnu@0.37.0':
    resolution: {integrity: sha512-TViz5/klqre6aSmJzswEIjApnGjJzstG/SE8VDWsrftMBMYt2PTu3MeluZVwzSqDao8doT/P+6U11dU05UOgxw==}
    engines: {node: '>= 10'}
    cpu: [x64]
    os: [linux]

  '@ast-grep/napi-linux-x64-musl@0.37.0':
    resolution: {integrity: sha512-/BcCH33S9E3ovOAEoxYngUNXgb+JLg991sdyiNP2bSoYd30a9RHrG7CYwW6fMgua3ijQ474eV6cq9yZO1bCpXg==}
    engines: {node: '>= 10'}
    cpu: [x64]
    os: [linux]

  '@ast-grep/napi-win32-arm64-msvc@0.37.0':
    resolution: {integrity: sha512-TjQA4cFoIEW2bgjLkaL9yqT4XWuuLa5MCNd0VCDhGRDMNQ9+rhwi9eLOWRaap3xzT7g+nlbcEHL3AkVCD2+b3A==}
    engines: {node: '>= 10'}
    cpu: [arm64]
    os: [win32]

  '@ast-grep/napi-win32-ia32-msvc@0.37.0':
    resolution: {integrity: sha512-uNmVka8fJCdYsyOlF9aZqQMLTatEYBynjChVTzUfFMDfmZ0bihs/YTqJVbkSm8TZM7CUX82apvn50z/dX5iWRA==}
    engines: {node: '>= 10'}
    cpu: [ia32]
    os: [win32]

  '@ast-grep/napi-win32-x64-msvc@0.37.0':
    resolution: {integrity: sha512-vCiFOT3hSCQuHHfZ933GAwnPzmL0G04JxQEsBRfqONywyT8bSdDc/ECpAfr3S9VcS4JZ9/F6tkePKW/Om2Dq2g==}
    engines: {node: '>= 10'}
    cpu: [x64]
    os: [win32]

  '@ast-grep/napi@0.37.0':
    resolution: {integrity: sha512-Hb4o6h1Pf6yRUAX07DR4JVY7dmQw+RVQMW5/m55GoiAT/VRoKCWBtIUPPOnqDVhbx1Cjfil9b6EDrgJsUAujEQ==}
    engines: {node: '>= 10'}

  '@emnapi/core@1.9.1':
    resolution: {integrity: sha512-mukuNALVsoix/w1BJwFzwXBN/dHeejQtuVzcDsfOEsdpCumXb/E9j8w11h5S54tT1xhifGfbbSm/ICrObRb3KA==}

  '@emnapi/runtime@1.9.1':
    resolution: {integrity: sha512-VYi5+ZVLhpgK4hQ0TAjiQiZ6ol0oe4mBx7mVv7IflsiEp0OWoVsp/+f9Vc1hOhE0TtkORVrI1GvzyreqpgWtkA==}

  '@emnapi/wasi-threads@1.2.0':
    resolution: {integrity: sha512-N10dEJNSsUx41Z6pZsXU8FjPjpBEplgH24sfkmITrBED1/U2Esum9F3lfLrMjKHHjmi557zQn7kR9R+XWXu5Rg==}

  '@jridgewell/gen-mapping@0.3.13':
    resolution: {integrity: sha512-2kkt/7niJ6MgEPxF0bYdQ6etZaA+fQvDcLKckhy1yIQOzaoKjBBjSj63/aLVjYE3qhRt5dvM+uUyfCg6UKCBbA==}

  '@jridgewell/remapping@2.3.5':
    resolution: {integrity: sha512-LI9u/+laYG4Ds1TDKSJW2YPrIlcVYOwi2fUC6xB43lueCjgxV4lffOCZCtYFiH6TNOX+tQKXx97T4IKHbhyHEQ==}

  '@jridgewell/resolve-uri@3.1.2':
    resolution: {integrity: sha512-bRISgCIjP20/tbWSPWMEi54QVPRZExkuD9lJL+UIxUKtwVJA8wW1Trb1jMs1RFXo1CBTNZ/5hpC9QvmKWdopKw==}
    engines: {node: '>=6.0.0'}

  '@jridgewell/sourcemap-codec@1.5.5':
    resolution: {integrity: sha512-cYQ9310grqxueWbl+WuIUIaiUaDcj7WOq5fVhEljNVgRfOUhY9fy2zTvfoqWsnebh8Sl70VScFbICvJnLKB0Og==}

  '@jridgewell/trace-mapping@0.3.31':
    resolution: {integrity: sha512-zzNR+SdQSDJzc8joaeP8QQoCQr8NuYx2dIIytl1QeBEZHJ9uW6hebsrYgbz8hJwUQao3TWCMtmfV8Nu1twOLAw==}

  '@module-federation/error-codes@0.17.1':
    resolution: {integrity: sha512-n6Elm4qKSjwAPxLUGtwnl7qt4y1dxB8OpSgVvXBIzqI9p27a3ZXshLPLnumlpPg1Qudaj8sLnSnFtt9yGpt5yQ==}

  '@module-federation/error-codes@0.22.0':
    resolution: {integrity: sha512-xF9SjnEy7vTdx+xekjPCV5cIHOGCkdn3pIxo9vU7gEZMIw0SvAEdsy6Uh17xaCpm8V0FWvR0SZoK9Ik6jGOaug==}

  '@module-federation/runtime-core@0.17.1':
    resolution: {integrity: sha512-LCtIFuKgWPQ3E+13OyrVpuTPOWBMI/Ggwsq1Q874YeT8Px28b8tJRCj09DjyRFyhpSPyV/uG80T6iXPAUoLIfQ==}

  '@module-federation/runtime-core@0.22.0':
    resolution: {integrity: sha512-GR1TcD6/s7zqItfhC87zAp30PqzvceoeDGYTgF3Vx2TXvsfDrhP6Qw9T4vudDQL3uJRne6t7CzdT29YyVxlgIA==}

  '@module-federation/runtime-tools@0.17.1':
    resolution: {integrity: sha512-4kr6zTFFwGywJx6whBtxsc84V+COAuuBpEdEbPZN//YLXhNB0iz2IGsy9r9wDl+06h84bD+3dQ05l9euRLgXzQ==}

  '@module-federation/runtime-tools@0.22.0':
    resolution: {integrity: sha512-4ScUJ/aUfEernb+4PbLdhM/c60VHl698Gn1gY21m9vyC1Ucn69fPCA1y2EwcCB7IItseRMoNhdcWQnzt/OPCNA==}

  '@module-federation/runtime@0.17.1':
    resolution: {integrity: sha512-vKEN32MvUbpeuB/s6UXfkHDZ9N5jFyDDJnj83UTJ8n4N1jHIJu9VZ6Yi4/Ac8cfdvU8UIK9bIbfVXWbUYZUDsw==}

  '@module-federation/runtime@0.22.0':
    resolution: {integrity: sha512-38g5iPju2tPC3KHMPxRKmy4k4onNp6ypFPS1eKGsNLUkXgHsPMBFqAjDw96iEcjri91BrahG4XcdyKi97xZzlA==}

  '@module-federation/sdk@0.17.1':
    resolution: {integrity: sha512-nlUcN6UTEi+3HWF+k8wPy7gH0yUOmCT+xNatihkIVR9REAnr7BUvHFGlPJmx7WEbLPL46+zJUbtQHvLzXwFhng==}

  '@module-federation/sdk@0.22.0':
    resolution: {integrity: sha512-x4aFNBKn2KVQRuNVC5A7SnrSCSqyfIWmm1DvubjbO9iKFe7ith5niw8dqSFBekYBg2Fwy+eMg4sEFNVvCAdo6g==}

  '@module-federation/webpack-bundler-runtime@0.17.1':
    resolution: {integrity: sha512-Swspdgf4PzcbvS9SNKFlBzfq8h/Qxwqjq/xRSqw1pqAZWondZQzwTTqPXhgrg0bFlz7qWjBS/6a8KuH/gRvGaQ==}

  '@module-federation/webpack-bundler-runtime@0.22.0':
    resolution: {integrity: sha512-aM8gCqXu+/4wBmJtVeMeeMN5guw3chf+2i6HajKtQv7SJfxV/f4IyNQJUeUQu9HfiAZHjqtMV5Lvq/Lvh8LdyA==}

  '@napi-rs/wasm-runtime@1.0.7':
    resolution: {integrity: sha512-SeDnOO0Tk7Okiq6DbXmmBODgOAb9dp9gjlphokTUxmt8U3liIP1ZsozBahH69j/RJv+Rfs6IwUKHTgQYJ/HBAw==}

  '@napi-rs/wasm-runtime@1.1.1':
    resolution: {integrity: sha512-p64ah1M1ld8xjWv3qbvFwHiFVWrq1yFvV4f7w+mzaqiR4IlSgkqhcRdHwsGgomwzBH51sRY4NEowLxnaBjcW/A==}

  '@rsbuild/core@1.4.16':
    resolution: {integrity: sha512-t2684BBkqAh+dw/v00ySQc5P5SMul4a428L1qHwwIWFPAZ0bnus/hw/wI8nM2AQpMcKfJPkdyVSGm4ueCYPtPw==}
    engines: {node: '>=16.10.0'}
    hasBin: true

  '@rsbuild/core@1.7.3':
    resolution: {integrity: sha512-kI1oQvCXbQYxUvQPnDLdjSX4gFsbrFNpuUj6jXEJ7IcJ74Q+n4oeFj74/8tKerhxhe0L90m/ZQfzLeN5ORGA9w==}
    engines: {node: '>=18.12.0'}
    hasBin: true

  '@rslib/core@0.10.6':
    resolution: {integrity: sha512-7OLdmmQbY116gNAAsY9baCid9REr+z11qfAzwVVFw+Q8avCE6YqpcBLfrBXlfmpBikfshDmHH8EpRrQwz8gZJQ==}
    engines: {node: '>=16.7.0'}
    hasBin: true
    peerDependencies:
      '@microsoft/api-extractor': ^7
      typescript: ^5
    peerDependenciesMeta:
      '@microsoft/api-extractor':
        optional: true
      typescript:
        optional: true

  '@rspack/binding-darwin-arm64@1.4.11':
    resolution: {integrity: sha512-PrmBVhR8MC269jo6uQ+BMy1uwIDx0HAJYLQRQur8gXiehWabUBCRg/d4U9KR7rLzdaSScRyc5JWXR52T7/4MfA==}
    cpu: [arm64]
    os: [darwin]

  '@rspack/binding-darwin-arm64@1.7.9':
    resolution: {integrity: sha512-64dgstte0If5czi9bA/cpOe0ryY6wC9AIQRtyJ3DlOF6Tt+y9cKkmUoGu3V+WYaYIZRT7HNk8V7kL8amVjFTYw==}
    cpu: [arm64]
    os: [darwin]

  '@rspack/binding-darwin-x64@1.4.11':
    resolution: {integrity: sha512-YIV8Wzy+JY0SoSsVtN4wxFXOjzxxVPnVXNswrrfqVUTPr9jqGOFYUWCGpbt8lcCgfuBFm6zN8HpOsKm1xUNsVA==}
    cpu: [x64]
    os: [darwin]

  '@rspack/binding-darwin-x64@1.7.9':
    resolution: {integrity: sha512-2QSLs3w4rLy4UUGVnIlkt6IlIKOzR1e0RPsq2FYQW6s3p9JrwRCtOeHohyh7EJSqF54dtfhe9UZSAwba3LqH1Q==}
    cpu: [x64]
    os: [darwin]

  '@rspack/binding-linux-arm64-gnu@1.4.11':
    resolution: {integrity: sha512-ms6uwECUIcu+6e82C5HJhRMHnfsI+l33v7XQezntzRPN0+sG3EpikEoT7SGbgt4vDwaWLR7wS20suN4qd5r3GA==}
    cpu: [arm64]
    os: [linux]

  '@rspack/binding-linux-arm64-gnu@1.7.9':
    resolution: {integrity: sha512-qhUGI/uVfvLmKWts4QkVHGL8yfUyJkblZs+OFD5Upa2y676EOsbQgWsCwX4xGB6Tv+TOzFP0SLh/UfO8ZfdE+w==}
    cpu: [arm64]
    os: [linux]

  '@rspack/binding-linux-arm64-musl@1.4.11':
    resolution: {integrity: sha512-9evq0DOdxMN/H8VM8ZmyY9NSuBgILNVV6ydBfVPMHPx4r1E7JZGpWeKDegZcS5Erw3sS9kVSIxyX78L5PDzzKw==}
    cpu: [arm64]
    os: [linux]

  '@rspack/binding-linux-arm64-musl@1.7.9':
    resolution: {integrity: sha512-VjfmR1hgO9n3L6MaE5KG+DXSrrLVqHHOkVcOtS2LMq3bjMTwbBywY7ycymcLnX5KJsol8d3ZGYep6IfSOt3lFA==}
    cpu: [arm64]
    os: [linux]

  '@rspack/binding-linux-x64-gnu@1.4.11':
    resolution: {integrity: sha512-bHYFLxPPYBOSaHdQbEoCYGMQ1gOrEWj7Mro/DLfSHZi1a0okcQ2Q1y0i1DczReim3ZhLGNrK7k1IpFXCRbAobQ==}
    cpu: [x64]
    os: [linux]

  '@rspack/binding-linux-x64-gnu@1.7.9':
    resolution: {integrity: sha512-0kldV+3WTs/VYDWzxJ7K40hCW26IHtnk8xPK3whKoo1649rgeXXa0EdsU5P7hG8Ef5SWQjHHHZ/fuHYSO3Y6HA==}
    cpu: [x64]
    os: [linux]

  '@rspack/binding-linux-x64-musl@1.4.11':
    resolution: {integrity: sha512-wrm4E7q2k4+cwT6Uhp6hIQ3eUe/YoaUttj6j5TqHYZX6YeLrNPtD9+ne6lQQ17BV8wmm6NZsmoFIJ5xIptpRhQ==}
    cpu: [x64]
    os: [linux]

  '@rspack/binding-linux-x64-musl@1.7.9':
    resolution: {integrity: sha512-Gi4872cFtc2d83FKATR6Qcf2VBa/tFCqffI/IwRRl6Hx5FulEBqx+tH7gAuRVF693vrbXNxK+FQ+k4iEsEJxrw==}
    cpu: [x64]
    os: [linux]

  '@rspack/binding-wasm32-wasi@1.4.11':
    resolution: {integrity: sha512-hiYxHZjaZ17wQtXyLCK0IdtOvMWreGVTiGsaHCxyeT+SldDG+r16bXNjmlqfZsjlfl1mkAqKz1dg+mMX28OTqw==}
    cpu: [wasm32]

  '@rspack/binding-wasm32-wasi@1.7.9':
    resolution: {integrity: sha512-5QEzqo6EaolpuZmK6w/mgSueorgGnnzp7dJaAvBj6ECFIg/aLXhXXmWCWbxt7Ws2gKvG5/PgaxDqbUxYL51juA==}
    cpu: [wasm32]

  '@rspack/binding-win32-arm64-msvc@1.4.11':
    resolution: {integrity: sha512-+HF/mnjmTr8PC1dccRt1bkrD2tPDGeqvXC1BBLYd/Klq1VbtIcnrhfmvQM6KaXbiLcY9VWKzcZPOTmnyZ8TaHQ==}
    cpu: [arm64]
    os: [win32]

  '@rspack/binding-win32-arm64-msvc@1.7.9':
    resolution: {integrity: sha512-MMqvcrIc8aOqTuHjWkjdzilvoZ3Hv07Od0Foogiyq3JMudsS3Wcmh7T1dFerGg19MOJcRUeEkrg2NQOMOQ6xDA==}
    cpu: [arm64]
    os: [win32]

  '@rspack/binding-win32-ia32-msvc@1.4.11':
    resolution: {integrity: sha512-EU2fQGwrRfwFd/tcOInlD0jy6gNQE4Q3Ayj0Is+cX77sbhPPyyOz0kZDEaQ4qaN2VU8w4Hu/rrD7c0GAKLFvCw==}
    cpu: [ia32]
    os: [win32]

  '@rspack/binding-win32-ia32-msvc@1.7.9':
    resolution: {integrity: sha512-4kYYS+NZ2CuNbKjq40yB/UEyB51o1PHj5wpr+Y943oOJXpEKWU2Q4vkF8VEohPEcnA9cKVotYCnqStme+02suA==}
    cpu: [ia32]
    os: [win32]

  '@rspack/binding-win32-x64-msvc@1.4.11':
    resolution: {integrity: sha512-1Nc5ZzWqfvE+iJc47qtHFzYYnHsC3awavXrCo74GdGip1vxtksM3G30BlvAQHHVtEmULotWqPbjZpflw/Xk9Ag==}
    cpu: [x64]
    os: [win32]

  '@rspack/binding-win32-x64-msvc@1.7.9':
    resolution: {integrity: sha512-1g+QyXXvs+838Un/4GaUvJfARDGHMCs15eXDYWBl5m/Skubyng8djWAgr6ag1+cVoJZXCPOvybTItcblWF3gbQ==}
    cpu: [x64]
    os: [win32]

  '@rspack/binding@1.4.11':
    resolution: {integrity: sha512-maGl/zRwnl0QVwkBCkgjn5PH20L9HdlRIdkYhEsfTepy5x2QZ0ti/0T49djjTJQrqb+S1i6wWQymMMMMMsxx6Q==}

  '@rspack/binding@1.7.9':
    resolution: {integrity: sha512-A56e0NdfNwbOSJoilMkxzaPuVYaKCNn1shuiwWnCIBmhV9ix1n9S1XvquDjkGyv+gCdR1+zfJBOa5DMB7htLHw==}

  '@rspack/core@1.4.11':
    resolution: {integrity: sha512-JtKnL6p7Kc/YgWQJF3Woo4OccbgKGyT/4187W4dyex8BMkdQcbqCNIdi6dFk02hwQzxpOOxRSBI4hlGRbz7oYQ==}
    engines: {node: '>=16.0.0'}
    peerDependencies:
      '@swc/helpers': '>=0.5.1'
    peerDependenciesMeta:
      '@swc/helpers':
        optional: true

  '@rspack/core@1.7.9':
    resolution: {integrity: sha512-VHuSKvRkuv42Ya+TxEGO0LE0r9+8P4tKGokmomj4R1f/Nu2vtS3yoaIMfC4fR6VuHGd3MZ+KTI0cNNwHfFcskw==}
    engines: {node: '>=18.12.0'}
    peerDependencies:
      '@swc/helpers': '>=0.5.1'
    peerDependenciesMeta:
      '@swc/helpers':
        optional: true

  '@rspack/lite-tapable@1.0.1':
    resolution: {integrity: sha512-VynGOEsVw2s8TAlLf/uESfrgfrq2+rcXB1muPJYBWbsm1Oa6r5qVQhjA5ggM6z/coYPrsVMgovl3Ff7Q7OCp1w==}
    engines: {node: '>=16.0.0'}

  '@rspack/lite-tapable@1.1.0':
    resolution: {integrity: sha512-E2B0JhYFmVAwdDiG14+DW0Di4Ze4Jg10Pc4/lILUrd5DRCaklduz2OvJ5HYQ6G+hd+WTzqQb3QnDNfK4yvAFYw==}

  '@swc/helpers@0.5.19':
    resolution: {integrity: sha512-QamiFeIK3txNjgUTNppE6MiG3p7TdninpZu0E0PbqVh1a9FNLT2FRhisaa4NcaX52XVhA5l7Pk58Ft7Sqi/2sA==}

  '@tybys/wasm-util@0.10.1':
    resolution: {integrity: sha512-9tTaPJLSiejZKx+Bmog4uSubteqTvFrVrURwkmHixBo0G4seD0zUxp98E1DzUBJxLQ3NPwXrGKDiVjwx/DpPsg==}

  '@types/node@25.5.0':
    resolution: {integrity: sha512-jp2P3tQMSxWugkCUKLRPVUpGaL5MVFwF8RDuSRztfwgN1wmqJeMSbKlnEtQqU8UrhTmzEmZdu2I6v2dpp7XIxw==}

  acorn@8.16.0:
    resolution: {integrity: sha512-UVJyE9MttOsBQIDKw1skb9nAwQuR5wuGD3+82K6JgJlm/Y+KI92oNsMNGZCYdDsVtRHSak0pcV5Dno5+4jh9sw==}
    engines: {node: '>=0.4.0'}
    hasBin: true

  core-js@3.45.1:
    resolution: {integrity: sha512-L4NPsJlCfZsPeXukyzHFlg/i7IIVwHSItR0wg0FLNqYClJ4MQYTYLbC7EkjKYRLZF2iof2MUgN0EGy7MdQFChg==}

  core-js@3.47.0:
    resolution: {integrity: sha512-c3Q2VVkGAUyupsjRnaNX6u8Dq2vAdzm9iuPj5FW0fRxzlxgq9Q39MDq10IvmQSpLgHQNyQzQmOo6bgGHmH3NNg==}

  fdir@6.5.0:
    resolution: {integrity: sha512-tIbYtZbucOs0BRGqPJkshJUYdL+SDH7dVM8gjy+ERp3WAUjLEFJE+02kanyHtwjWOnwrKYBiwAmM0p4kLJAnXg==}
    engines: {node: '>=12.0.0'}
    peerDependencies:
      picomatch: ^3 || ^4
    peerDependenciesMeta:
      picomatch:
        optional: true

  jiti@2.6.1:
    resolution: {integrity: sha512-ekilCSN1jwRvIbgeg/57YFh8qQDNbwDb9xT/qu2DAHbFFZUicIl4ygVaAvzveMhMVr3LnpSKTNnwt8PoOfmKhQ==}
    hasBin: true

  json5@2.2.3:
    resolution: {integrity: sha512-XmOWe7eyHYH14cLdVPoyg+GOH3rYX++KpzrylJwSW98t3Nk+U8XOl8FWKOgwtzdb8lXGf6zYwDUzeHMWfxasyg==}
    engines: {node: '>=6'}
    hasBin: true

  magic-string@0.30.21:
    resolution: {integrity: sha512-vd2F4YUyEXKGcLHoq+TEyCjxueSeHnFxyyjNp80yg0XV4vUhnDer/lvvlqM/arB5bXQN5K2/3oinyCRyx8T2CQ==}

  minimist@1.2.8:
    resolution: {integrity: sha512-2yyAR8qBkN3YuheJanUpWC5U3bb5osDywNB8RzDVlDwDHbocAJveqqj1u8+SVD7jkWT4yvsHCpWqqWqAxb0zCA==}

  picocolors@1.1.1:
    resolution: {integrity: sha512-xceH2snhtb5M9liqDsmEw56le376mTZkEX/jEb/RxNFyegNul7eNslCXP9FDj/Lcu0X8KEyMceP2ntpaHrDEVA==}

  picomatch@4.0.3:
    resolution: {integrity: sha512-5gTmgEY/sqK6gFXLIsQNH19lWb4ebPDLA4SdLP7dsWkIXHWlG66oPuVvXSGFPppYZz8ZDZq0dYYrbHfBCVUb1Q==}
    engines: {node: '>=12'}

  prettier@3.8.1:
    resolution: {integrity: sha512-UOnG6LftzbdaHZcKoPFtOcCKztrQ57WkHDeRD9t/PTQtmT0NHSeWWepj6pS0z/N7+08BHFDQVUrfmfMRcZwbMg==}
    engines: {node: '>=14'}
    hasBin: true

  rsbuild-plugin-dts@0.10.6:
    resolution: {integrity: sha512-rVP82fFMDHW0GirhYx+w2bER1HhkOKJ8e/bAAF2OkMUP2k2fviMpl/gsnbO8KI9vcSqsQE2QXHkj781m6W84Ow==}
    engines: {node: '>=16.7.0'}
    peerDependencies:
      '@microsoft/api-extractor': ^7
      '@rsbuild/core': 1.x
      typescript: ^5
    peerDependenciesMeta:
      '@microsoft/api-extractor':
        optional: true
      typescript:
        optional: true

  strip-bom@3.0.0:
    resolution: {integrity: sha512-vavAMRXOgBVNF6nyEEmL3DBK19iRpDcoIwW+swQ+CbGiu7lju6t+JklA1MHweoWtadgt4ISVUsXLyDq34ddcwA==}
    engines: {node: '>=4'}

  tinyglobby@0.2.15:
    resolution: {integrity: sha512-j2Zq4NyQYG5XMST4cbs02Ak8iJUdxRM0XI5QyxXuZOzKOINmWurp3smXu3y5wDcJrptwpSjgXHzIQxR0omXljQ==}
    engines: {node: '>=12.0.0'}

  tsconfig-paths@4.2.0:
    resolution: {integrity: sha512-NoZ4roiN7LnbKn9QqE1amc9DJfzvZXxF4xDavcOWt1BPkdx+m+0gJuPM+S0vCe7zTJMYUP0R8pO2XMr+Y8oLIg==}
    engines: {node: '>=6'}

  tslib@2.8.1:
    resolution: {integrity: sha512-oJFu94HQb+KVduSUQL7wnpmqnfmLsOA/nAh6b6EH0wCEoK0/mPeXU6c3wKDV83MkOuHPRHtSXKKU99IBazS/2w==}

  typescript@5.9.3:
    resolution: {integrity: sha512-jl1vZzPDinLr9eUt3J/t7V6FgNEw9QjvBPdysz9KfQDD41fQrC2Y4vKQdiaUpFT4bXlb1RHhLpp8wtm6M5TgSw==}
    engines: {node: '>=14.17'}
    hasBin: true

  undici-types@7.18.2:
    resolution: {integrity: sha512-AsuCzffGHJybSaRrmr5eHr81mwJU3kjw6M+uprWvCXiNeN9SOGwQ3Jn8jb8m3Z6izVgknn1R0FTCEAP2QrLY/w==}

  unplugin@2.3.11:
    resolution: {integrity: sha512-5uKD0nqiYVzlmCRs01Fhs2BdkEgBS3SAVP6ndrBsuK42iC2+JHyxM05Rm9G8+5mkmRtzMZGY8Ct5+mliZxU/Ww==}
    engines: {node: '>=18.12.0'}

  webpack-virtual-modules@0.6.2:
    resolution: {integrity: sha512-66/V2i5hQanC51vBQKPH4aI8NMAcBW59FVBs+rC7eGHupMyfn34q7rZIE+ETlJ+XTevqfUhVVBgSUNSW2flEUQ==}

snapshots:

  '@arborium/arborium@2.16.0': {}

  '@arborium/json@2.16.0': {}

  '@ast-grep/napi-darwin-arm64@0.37.0':
    optional: true

  '@ast-grep/napi-darwin-x64@0.37.0':
    optional: true

  '@ast-grep/napi-linux-arm64-gnu@0.37.0':
    optional: true

  '@ast-grep/napi-linux-arm64-musl@0.37.0':
    optional: true

  '@ast-grep/napi-linux-x64-gnu@0.37.0':
    optional: true

  '@ast-grep/napi-linux-x64-musl@0.37.0':
    optional: true

  '@ast-grep/napi-win32-arm64-msvc@0.37.0':
    optional: true

  '@ast-grep/napi-win32-ia32-msvc@0.37.0':
    optional: true

  '@ast-grep/napi-win32-x64-msvc@0.37.0':
    optional: true

  '@ast-grep/napi@0.37.0':
    optionalDependencies:
      '@ast-grep/napi-darwin-arm64': 0.37.0
      '@ast-grep/napi-darwin-x64': 0.37.0
      '@ast-grep/napi-linux-arm64-gnu': 0.37.0
      '@ast-grep/napi-linux-arm64-musl': 0.37.0
      '@ast-grep/napi-linux-x64-gnu': 0.37.0
      '@ast-grep/napi-linux-x64-musl': 0.37.0
      '@ast-grep/napi-win32-arm64-msvc': 0.37.0
      '@ast-grep/napi-win32-ia32-msvc': 0.37.0
      '@ast-grep/napi-win32-x64-msvc': 0.37.0

  '@emnapi/core@1.9.1':
    dependencies:
      '@emnapi/wasi-threads': 1.2.0
      tslib: 2.8.1
    optional: true

  '@emnapi/runtime@1.9.1':
    dependencies:
      tslib: 2.8.1
    optional: true

  '@emnapi/wasi-threads@1.2.0':
    dependencies:
      tslib: 2.8.1
    optional: true

  '@jridgewell/gen-mapping@0.3.13':
    dependencies:
      '@jridgewell/sourcemap-codec': 1.5.5
      '@jridgewell/trace-mapping': 0.3.31

  '@jridgewell/remapping@2.3.5':
    dependencies:
      '@jridgewell/gen-mapping': 0.3.13
      '@jridgewell/trace-mapping': 0.3.31

  '@jridgewell/resolve-uri@3.1.2': {}

  '@jridgewell/sourcemap-codec@1.5.5': {}

  '@jridgewell/trace-mapping@0.3.31':
    dependencies:
      '@jridgewell/resolve-uri': 3.1.2
      '@jridgewell/sourcemap-codec': 1.5.5

  '@module-federation/error-codes@0.17.1': {}

  '@module-federation/error-codes@0.22.0': {}

  '@module-federation/runtime-core@0.17.1':
    dependencies:
      '@module-federation/error-codes': 0.17.1
      '@module-federation/sdk': 0.17.1

  '@module-federation/runtime-core@0.22.0':
    dependencies:
      '@module-federation/error-codes': 0.22.0
      '@module-federation/sdk': 0.22.0

  '@module-federation/runtime-tools@0.17.1':
    dependencies:
      '@module-federation/runtime': 0.17.1
      '@module-federation/webpack-bundler-runtime': 0.17.1

  '@module-federation/runtime-tools@0.22.0':
    dependencies:
      '@module-federation/runtime': 0.22.0
      '@module-federation/webpack-bundler-runtime': 0.22.0

  '@module-federation/runtime@0.17.1':
    dependencies:
      '@module-federation/error-codes': 0.17.1
      '@module-federation/runtime-core': 0.17.1
      '@module-federation/sdk': 0.17.1

  '@module-federation/runtime@0.22.0':
    dependencies:
      '@module-federation/error-codes': 0.22.0
      '@module-federation/runtime-core': 0.22.0
      '@module-federation/sdk': 0.22.0

  '@module-federation/sdk@0.17.1': {}

  '@module-federation/sdk@0.22.0': {}

  '@module-federation/webpack-bundler-runtime@0.17.1':
    dependencies:
      '@module-federation/runtime': 0.17.1
      '@module-federation/sdk': 0.17.1

  '@module-federation/webpack-bundler-runtime@0.22.0':
    dependencies:
      '@module-federation/runtime': 0.22.0
      '@module-federation/sdk': 0.22.0

  '@napi-rs/wasm-runtime@1.0.7':
    dependencies:
      '@emnapi/core': 1.9.1
      '@emnapi/runtime': 1.9.1
      '@tybys/wasm-util': 0.10.1
    optional: true

  '@napi-rs/wasm-runtime@1.1.1':
    dependencies:
      '@emnapi/core': 1.9.1
      '@emnapi/runtime': 1.9.1
      '@tybys/wasm-util': 0.10.1
    optional: true

  '@rsbuild/core@1.4.16':
    dependencies:
      '@rspack/core': 1.4.11(@swc/helpers@0.5.19)
      '@rspack/lite-tapable': 1.0.1
      '@swc/helpers': 0.5.19
      core-js: 3.45.1
      jiti: 2.6.1

  '@rsbuild/core@1.7.3':
    dependencies:
      '@rspack/core': 1.7.9(@swc/helpers@0.5.19)
      '@rspack/lite-tapable': 1.1.0
      '@swc/helpers': 0.5.19
      core-js: 3.47.0
      jiti: 2.6.1

  '@rslib/core@0.10.6(typescript@5.9.3)':
    dependencies:
      '@rsbuild/core': 1.4.16
      rsbuild-plugin-dts: 0.10.6(@rsbuild/core@1.4.16)(typescript@5.9.3)
      tinyglobby: 0.2.15
    optionalDependencies:
      typescript: 5.9.3

  '@rspack/binding-darwin-arm64@1.4.11':
    optional: true

  '@rspack/binding-darwin-arm64@1.7.9':
    optional: true

  '@rspack/binding-darwin-x64@1.4.11':
    optional: true

  '@rspack/binding-darwin-x64@1.7.9':
    optional: true

  '@rspack/binding-linux-arm64-gnu@1.4.11':
    optional: true

  '@rspack/binding-linux-arm64-gnu@1.7.9':
    optional: true

  '@rspack/binding-linux-arm64-musl@1.4.11':
    optional: true

  '@rspack/binding-linux-arm64-musl@1.7.9':
    optional: true

  '@rspack/binding-linux-x64-gnu@1.4.11':
    optional: true

  '@rspack/binding-linux-x64-gnu@1.7.9':
    optional: true

  '@rspack/binding-linux-x64-musl@1.4.11':
    optional: true

  '@rspack/binding-linux-x64-musl@1.7.9':
    optional: true

  '@rspack/binding-wasm32-wasi@1.4.11':
    dependencies:
      '@napi-rs/wasm-runtime': 1.1.1
    optional: true

  '@rspack/binding-wasm32-wasi@1.7.9':
    dependencies:
      '@napi-rs/wasm-runtime': 1.0.7
    optional: true

  '@rspack/binding-win32-arm64-msvc@1.4.11':
    optional: true

  '@rspack/binding-win32-arm64-msvc@1.7.9':
    optional: true

  '@rspack/binding-win32-ia32-msvc@1.4.11':
    optional: true

  '@rspack/binding-win32-ia32-msvc@1.7.9':
    optional: true

  '@rspack/binding-win32-x64-msvc@1.4.11':
    optional: true

  '@rspack/binding-win32-x64-msvc@1.7.9':
    optional: true

  '@rspack/binding@1.4.11':
    optionalDependencies:
      '@rspack/binding-darwin-arm64': 1.4.11
      '@rspack/binding-darwin-x64': 1.4.11
      '@rspack/binding-linux-arm64-gnu': 1.4.11
      '@rspack/binding-linux-arm64-musl': 1.4.11
      '@rspack/binding-linux-x64-gnu': 1.4.11
      '@rspack/binding-linux-x64-musl': 1.4.11
      '@rspack/binding-wasm32-wasi': 1.4.11
      '@rspack/binding-win32-arm64-msvc': 1.4.11
      '@rspack/binding-win32-ia32-msvc': 1.4.11
      '@rspack/binding-win32-x64-msvc': 1.4.11

  '@rspack/binding@1.7.9':
    optionalDependencies:
      '@rspack/binding-darwin-arm64': 1.7.9
      '@rspack/binding-darwin-x64': 1.7.9
      '@rspack/binding-linux-arm64-gnu': 1.7.9
      '@rspack/binding-linux-arm64-musl': 1.7.9
      '@rspack/binding-linux-x64-gnu': 1.7.9
      '@rspack/binding-linux-x64-musl': 1.7.9
      '@rspack/binding-wasm32-wasi': 1.7.9
      '@rspack/binding-win32-arm64-msvc': 1.7.9
      '@rspack/binding-win32-ia32-msvc': 1.7.9
      '@rspack/binding-win32-x64-msvc': 1.7.9

  '@rspack/core@1.4.11(@swc/helpers@0.5.19)':
    dependencies:
      '@module-federation/runtime-tools': 0.17.1
      '@rspack/binding': 1.4.11
      '@rspack/lite-tapable': 1.0.1
    optionalDependencies:
      '@swc/helpers': 0.5.19

  '@rspack/core@1.7.9(@swc/helpers@0.5.19)':
    dependencies:
      '@module-federation/runtime-tools': 0.22.0
      '@rspack/binding': 1.7.9
      '@rspack/lite-tapable': 1.1.0
    optionalDependencies:
      '@swc/helpers': 0.5.19

  '@rspack/lite-tapable@1.0.1': {}

  '@rspack/lite-tapable@1.1.0': {}

  '@swc/helpers@0.5.19':
    dependencies:
      tslib: 2.8.1

  '@tybys/wasm-util@0.10.1':
    dependencies:
      tslib: 2.8.1
    optional: true

  '@types/node@25.5.0':
    dependencies:
      undici-types: 7.18.2

  acorn@8.16.0: {}

  core-js@3.45.1: {}

  core-js@3.47.0: {}

  fdir@6.5.0(picomatch@4.0.3):
    optionalDependencies:
      picomatch: 4.0.3

  jiti@2.6.1: {}

  json5@2.2.3: {}

  magic-string@0.30.21:
    dependencies:
      '@jridgewell/sourcemap-codec': 1.5.5

  minimist@1.2.8: {}

  picocolors@1.1.1: {}

  picomatch@4.0.3: {}

  prettier@3.8.1: {}

  rsbuild-plugin-dts@0.10.6(@rsbuild/core@1.4.16)(typescript@5.9.3):
    dependencies:
      '@ast-grep/napi': 0.37.0
      '@rsbuild/core': 1.4.16
      magic-string: 0.30.21
      picocolors: 1.1.1
      tinyglobby: 0.2.15
      tsconfig-paths: 4.2.0
    optionalDependencies:
      typescript: 5.9.3

  strip-bom@3.0.0: {}

  tinyglobby@0.2.15:
    dependencies:
      fdir: 6.5.0(picomatch@4.0.3)
      picomatch: 4.0.3

  tsconfig-paths@4.2.0:
    dependencies:
      json5: 2.2.3
      minimist: 1.2.8
      strip-bom: 3.0.0

  tslib@2.8.1: {}

  typescript@5.9.3: {}

  undici-types@7.18.2: {}

  unplugin@2.3.11:
    dependencies:
      '@jridgewell/remapping': 2.3.5
      acorn: 8.16.0
      picomatch: 4.0.3
      webpack-virtual-modules: 0.6.2

  webpack-virtual-modules@0.6.2: {}
